
Microsoft Visual Studio Solution File, Format Version 12.00
# Visual Studio Version 17
VisualStudioVersion = 17.13.35806.99 d17.13
MinimumVisualStudioVersion = 10.0.40219.1
Project("{2150E333-8FDC-42A3-9474-1A3956D46DE8}") = "src", "src", "{02EA681E-C7D8-13C7-8484-4AC65E1B71E8}"
EndProject
Project("{FAE04EC0-301F-11D3-BF4B-00C04F79EFBC}") = "Domain", "src\Domain\Domain.csproj", "{E68C489C-F5B9-4565-AB8E-1A5BB3B2A772}"
EndProject
Project("{FAE04EC0-301F-11D3-BF4B-00C04F79EFBC}") = "Application", "src\Application\Application.csproj", "{794C30D0-4D6A-4A82-BA33-0C71A3F07200}"
EndProject
Project("{FAE04EC0-301F-11D3-BF4B-00C04F79EFBC}") = "Infrastructure", "src\Infrastructure\Infrastructure.csproj", "{95EAA4A6-4A1C-4EE6-B319-EDA82BAB229B}"
EndProject
Project("{FAE04EC0-301F-11D3-BF4B-00C04F79EFBC}") = "Presentation", "src\Presentation\Presentation.csproj", "{714B02DE-83E2-4CCF-9AA2-5703772FB51B}"
EndProject
Global
	GlobalSection(SolutionConfigurationPlatforms) = preSolution
		Debug|Any CPU = Debug|Any CPU
		Release|Any CPU = Release|Any CPU
	EndGlobalSection
	GlobalSection(ProjectConfigurationPlatforms) = postSolution
		{E68C489C-F5B9-4565-AB8E-1A5BB3B2A772}.Debug|Any CPU.ActiveCfg = Debug|Any CPU
		{E68C489C-F5B9-4565-AB8E-1A5BB3B2A772}.Debug|Any CPU.Build.0 = Debug|Any CPU
		{E68C489C-F5B9-4565-AB8E-1A5BB3B2A772}.Release|Any CPU.ActiveCfg = Release|Any CPU
		{E68C489C-F5B9-4565-AB8E-1A5BB3B2A772}.Release|Any CPU.Build.0 = Release|Any CPU
		{794C30D0-4D6A-4A82-BA33-0C71A3F07200}.Debug|Any CPU.ActiveCfg = Debug|Any CPU
		{794C30D0-4D6A-4A82-BA33-0C71A3F07200}.Debug|Any CPU.Build.0 = Debug|Any CPU
		{794C30D0-4D6A-4A82-BA33-0C71A3F07200}.Release|Any CPU.ActiveCfg = Release|Any CPU
		{794C30D0-4D6A-4A82-BA33-0C71A3F07200}.Release|Any CPU.Build.0 = Release|Any CPU
		{95EAA4A6-4A1C-4EE6-B319-EDA82BAB229B}.Debug|Any CPU.ActiveCfg = Debug|Any CPU
		{95EAA4A6-4A1C-4EE6-B319-EDA82BAB229B}.Debug|Any CPU.Build.0 = Debug|Any CPU
		{95EAA4A6-4A1C-4EE6-B319-EDA82BAB229B}.Release|Any CPU.ActiveCfg = Release|Any CPU
		{95EAA4A6-4A1C-4EE6-B319-EDA82BAB229B}.Release|Any CPU.Build.0 = Release|Any CPU
		{714B02DE-83E2-4CCF-9AA2-5703772FB51B}.Debug|Any CPU.ActiveCfg = Debug|Any CPU
		{714B02DE-83E2-4CCF-9AA2-5703772FB51B}.Debug|Any CPU.Build.0 = Debug|Any CPU
		{714B02DE-83E2-4CCF-9AA2-5703772FB51B}.Release|Any CPU.ActiveCfg = Release|Any CPU
		{714B02DE-83E2-4CCF-9AA2-5703772FB51B}.Release|Any CPU.Build.0 = Release|Any CPU
	EndGlobalSection
	GlobalSection(SolutionProperties) = preSolution
		HideSolutionNode = FALSE
	EndGlobalSection
	GlobalSection(NestedProjects) = preSolution
		{E68C489C-F5B9-4565-AB8E-1A5BB3B2A772} = {02EA681E-C7D8-13C7-8484-4AC65E1B71E8}
		{794C30D0-4D6A-4A82-BA33-0C71A3F07200} = {02EA681E-C7D8-13C7-8484-4AC65E1B71E8}
		{95EAA4A6-4A1C-4EE6-B319-EDA82BAB229B} = {02EA681E-C7D8-13C7-8484-4AC65E1B71E8}
		{714B02DE-83E2-4CCF-9AA2-5703772FB51B} = {02EA681E-C7D8-13C7-8484-4AC65E1B71E8}
	EndGlobalSection
	GlobalSection(ExtensibilityGlobals) = postSolution
		SolutionGuid = {25B13E29-EE20-4571-9A0D-AAAF34346F9F}
	EndGlobalSection
EndGlobal
